
Microsoft Visual Studio Solution File, Format Version 12.00
# Visual Studio Version 16
VisualStudioVersion = 16.0.28606.126
MinimumVisualStudioVersion = 10.0.40219.1
Project("{8BC9CEB8-8B4A-11D0-8D11-00A0C91BC942}") = "Project4", "Project4\Project4.vcxproj", "{C5A44EC2-0A0F-43D3-ACE9-023BA0A01566}"
EndProject
Global
	GlobalSection(SolutionConfigurationPlatforms) = preSolution
		Debug|x64 = Debug|x64
		Debug|x86 = Debug|x86
		Release|x64 = Release|x64
		Release|x86 = Release|x86
	EndGlobalSection
	GlobalSection(ProjectConfigurationPlatforms) = postSolution
		{C5A44EC2-0A0F-43D3-ACE9-023BA0A01566}.Debug|x64.ActiveCfg = Debug|x64
		{C5A44EC2-0A0F-43D3-ACE9-023BA0A01566}.Debug|x64.Build.0 = Debug|x64
		{C5A44EC2-0A0F-43D3-ACE9-023BA0A01566}.Debug|x86.ActiveCfg = Debug|Win32
		{C5A44EC2-0A0F-43D3-ACE9-023BA0A01566}.Debug|x86.Build.0 = Debug|Win32
		{C5A44EC2-0A0F-43D3-ACE9-023BA0A01566}.Release|x64.ActiveCfg = Release|x64
		{C5A44EC2-0A0F-43D3-ACE9-023BA0A01566}.Release|x64.Build.0 = Release|x64
		{C5A44EC2-0A0F-43D3-ACE9-023BA0A01566}.Release|x86.ActiveCfg = Release|Win32
		{C5A44EC2-0A0F-43D3-ACE9-023BA0A01566}.Release|x86.Build.0 = Release|Win32
	EndGlobalSection
	GlobalSection(SolutionProperties) = preSolution
		HideSolutionNode = FALSE
	EndGlobalSection
	GlobalSection(ExtensibilityGlobals) = postSolution
		SolutionGuid = {FE8E7333-5784-4826-ACFC-238920D94836}
	EndGlobalSection
EndGlobal
