
Microsoft Visual Studio Solution File, Format Version 12.00
# Visual Studio Version 16
VisualStudioVersion = 16.0.28606.126
MinimumVisualStudioVersion = 10.0.40219.1
Project("{8BC9CEB8-8B4A-11D0-8D11-00A0C91BC942}") = "Project2", "Project2\Project2.vcxproj", "{8A48473C-47AD-45E3-90F5-8F63169B4725}"
EndProject
Global
	GlobalSection(SolutionConfigurationPlatforms) = preSolution
		Debug|x64 = Debug|x64
		Debug|x86 = Debug|x86
		Release|x64 = Release|x64
		Release|x86 = Release|x86
	EndGlobalSection
	GlobalSection(ProjectConfigurationPlatforms) = postSolution
		{8A48473C-47AD-45E3-90F5-8F63169B4725}.Debug|x64.ActiveCfg = Debug|x64
		{8A48473C-47AD-45E3-90F5-8F63169B4725}.Debug|x64.Build.0 = Debug|x64
		{8A48473C-47AD-45E3-90F5-8F63169B4725}.Debug|x86.ActiveCfg = Debug|Win32
		{8A48473C-47AD-45E3-90F5-8F63169B4725}.Debug|x86.Build.0 = Debug|Win32
		{8A48473C-47AD-45E3-90F5-8F63169B4725}.Release|x64.ActiveCfg = Release|x64
		{8A48473C-47AD-45E3-90F5-8F63169B4725}.Release|x64.Build.0 = Release|x64
		{8A48473C-47AD-45E3-90F5-8F63169B4725}.Release|x86.ActiveCfg = Release|Win32
		{8A48473C-47AD-45E3-90F5-8F63169B4725}.Release|x86.Build.0 = Release|Win32
	EndGlobalSection
	GlobalSection(SolutionProperties) = preSolution
		HideSolutionNode = FALSE
	EndGlobalSection
	GlobalSection(ExtensibilityGlobals) = postSolution
		SolutionGuid = {57559392-CA7B-4504-98E2-F0C50C401221}
	EndGlobalSection
EndGlobal
